
Microsoft Visual Studio Solution File, Format Version 12.00
# Visual Studio Version 17
VisualStudioVersion = 17.4.33122.133
MinimumVisualStudioVersion = 10.0.40219.1
Project("{FAE04EC0-301F-11D3-BF4B-00C04F79EFBC}") = "Api", "Api\Api.csproj", "{1084A1FC-3F87-4456-B6D7-B26BA5FCC376}"
EndProject
Project("{FAE04EC0-301F-11D3-BF4B-00C04F79EFBC}") = "Service", "Service\Service.csproj", "{A57D4A33-C83A-411C-BAC8-A904A4177827}"
EndProject
Project("{FAE04EC0-301F-11D3-BF4B-00C04F79EFBC}") = "Domain", "Domain\Domain.csproj", "{A71A6E54-8C26-4665-972C-A33E481ABABD}"
EndProject
Global
	GlobalSection(SolutionConfigurationPlatforms) = preSolution
		Debug|Any CPU = Debug|Any CPU
		Release|Any CPU = Release|Any CPU
	EndGlobalSection
	GlobalSection(ProjectConfigurationPlatforms) = postSolution
		{1084A1FC-3F87-4456-B6D7-B26BA5FCC376}.Debug|Any CPU.ActiveCfg = Debug|Any CPU
		{1084A1FC-3F87-4456-B6D7-B26BA5FCC376}.Debug|Any CPU.Build.0 = Debug|Any CPU
		{1084A1FC-3F87-4456-B6D7-B26BA5FCC376}.Release|Any CPU.ActiveCfg = Release|Any CPU
		{1084A1FC-3F87-4456-B6D7-B26BA5FCC376}.Release|Any CPU.Build.0 = Release|Any CPU
		{A57D4A33-C83A-411C-BAC8-A904A4177827}.Debug|Any CPU.ActiveCfg = Debug|Any CPU
		{A57D4A33-C83A-411C-BAC8-A904A4177827}.Debug|Any CPU.Build.0 = Debug|Any CPU
		{A57D4A33-C83A-411C-BAC8-A904A4177827}.Release|Any CPU.ActiveCfg = Release|Any CPU
		{A57D4A33-C83A-411C-BAC8-A904A4177827}.Release|Any CPU.Build.0 = Release|Any CPU
		{A71A6E54-8C26-4665-972C-A33E481ABABD}.Debug|Any CPU.ActiveCfg = Debug|Any CPU
		{A71A6E54-8C26-4665-972C-A33E481ABABD}.Debug|Any CPU.Build.0 = Debug|Any CPU
		{A71A6E54-8C26-4665-972C-A33E481ABABD}.Release|Any CPU.ActiveCfg = Release|Any CPU
		{A71A6E54-8C26-4665-972C-A33E481ABABD}.Release|Any CPU.Build.0 = Release|Any CPU
	EndGlobalSection
	GlobalSection(SolutionProperties) = preSolution
		HideSolutionNode = FALSE
	EndGlobalSection
	GlobalSection(ExtensibilityGlobals) = postSolution
		SolutionGuid = {AAE7CCDA-8878-4D2F-BEFD-0379D22DBBEC}
	EndGlobalSection
EndGlobal
